{
  "nodes": {
    "advisory-db": {
      "flake": false,
      "locked": {
        "lastModified": 1743497737,
        "narHash": "sha256-aIyfoxIds4Y54bZ3atFv1YxSvWpXgmy+BUtykv4wBgk=",
        "owner": "rustsec",
        "repo": "advisory-db",
        "rev": "758fb16a52d7b9776a94856bd9d4ef6140d4946e",
        "type": "github"
      },
      "original": {
        "owner": "rustsec",
        "repo": "advisory-db",
        "type": "github"
      }
    },
    "crane": {
      "locked": {
        "lastModified": 1743649204,
        "narHash": "sha256-uourC72krB5YdGzpHaXOUBXaORkcabPNF+H7sMvZKsw=",
        "owner": "ipetkov",
        "repo": "crane",
        "rev": "8b9ee4e59a737b1dbefbd398caae8595ecffcf6a",
        "type": "github"
      },
      "original": {
        "owner": "ipetkov",
        "repo": "crane",
        "type": "github"
      }
    },
    "helix": {
      "flake": false,
      "locked": {
        "lastModified": 1727654850,
        "narHash": "sha256-du6Vy5Yxy6aZFP7ad5guz5GOD/8uMY+Pgse1ZM+K2Jo=",
        "owner": "JordanForks",
        "repo": "helix",
        "rev": "1603715cc91bf6fdffb4aedfb5b76fb69fd10e28",
        "type": "github"
      },
      "original": {
        "owner": "JordanForks",
        "repo": "helix",
        "type": "github"
      }
    },
    "nix-github-actions": {
      "inputs": {
        "nixpkgs": [
          "nixpkgs"
        ]
      },
      "locked": {
        "lastModified": 1737420293,
        "narHash": "sha256-F1G5ifvqTpJq7fdkT34e/Jy9VCyzd5XfJ9TO8fHhJWE=",
        "owner": "nix-community",
        "repo": "nix-github-actions",
        "rev": "f4158fa080ef4503c8f4c820967d946c2af31ec9",
        "type": "github"
      },
      "original": {
        "owner": "nix-community",
        "repo": "nix-github-actions",
        "type": "github"
      }
    },
    "nixpkgs": {
      "locked": {
        "lastModified": 1743660308,
        "narHash": "sha256-bXfYczbPBb+vCJ9P1zfwzR6UoIIHrLV3vN9NOozXNo8=",
        "owner": "NixOS",
        "repo": "nixpkgs",
        "rev": "30aa8ad8bf9a0d3a1c200380ddd51012dae4c615",
        "type": "github"
      },
      "original": {
        "owner": "NixOS",
        "ref": "staging-next",
        "repo": "nixpkgs",
        "type": "github"
      }
    },
    "nixpkgs_2": {
      "locked": {
        "lastModified": 1735554305,
        "narHash": "sha256-zExSA1i/b+1NMRhGGLtNfFGXgLtgo+dcuzHzaWA6w3Q=",
        "owner": "nixos",
        "repo": "nixpkgs",
        "rev": "0e82ab234249d8eee3e8c91437802b32c74bb3fd",
        "type": "github"
      },
      "original": {
        "owner": "nixos",
        "ref": "nixpkgs-unstable",
        "repo": "nixpkgs",
        "type": "github"
      }
    },
    "root": {
      "inputs": {
        "advisory-db": "advisory-db",
        "crane": "crane",
        "helix": "helix",
        "nix-github-actions": "nix-github-actions",
        "nixpkgs": "nixpkgs",
        "treefmt-nix": "treefmt-nix",
        "utils": "utils"
      }
    },
    "systems": {
      "locked": {
        "lastModified": 1681028828,
        "narHash": "sha256-Vy1rq5AaRuLzOxct8nz4T6wlgyUR7zLU309k9mBC768=",
        "owner": "nix-systems",
        "repo": "default",
        "rev": "da67096a3b9bf56a91d16901293e51ba5b49a27e",
        "type": "github"
      },
      "original": {
        "owner": "nix-systems",
        "repo": "default",
        "type": "github"
      }
    },
    "treefmt-nix": {
      "inputs": {
        "nixpkgs": "nixpkgs_2"
      },
      "locked": {
        "lastModified": 1743589519,
        "narHash": "sha256-iBzr7Zb11nQxwX90bO1+Bm1MGlhMSmu4ixgnQFB+j4E=",
        "owner": "numtide",
        "repo": "treefmt-nix",
        "rev": "18bed671738e36c5504e188aadc18b7e2a6e408f",
        "type": "github"
      },
      "original": {
        "owner": "numtide",
        "repo": "treefmt-nix",
        "type": "github"
      }
    },
    "utils": {
      "inputs": {
        "systems": "systems"
      },
      "locked": {
        "lastModified": 1731533236,
        "narHash": "sha256-l0KFg5HjrsfsO/JpG+r7fRrqm12kzFHyUHqHCVpMMbI=",
        "owner": "numtide",
        "repo": "flake-utils",
        "rev": "11707dc2f618dd54ca8739b309ec4fc024de578b",
        "type": "github"
      },
      "original": {
        "owner": "numtide",
        "repo": "flake-utils",
        "type": "github"
      }
    }
  },
  "root": "root",
  "version": 7
}
